PODS:
  - Alamofire (4.8.2)
  - AlamofireImage (3.5.2):
    - Alamofire (~> 4.8)
  - Crashlytics (3.12.0):
    - Fabric (~> 1.9.0)
  - Fabric (1.9.0)
  - GoogleMaps (3.0.3):
    - GoogleMaps/Maps (= 3.0.3)
  - GoogleMaps/Base (3.0.3)
  - GoogleMaps/Maps (3.0.3):
    - GoogleMaps/Base
  - GooglePlaces (3.0.3):
    - GoogleMaps/Base (= 3.0.3)
  - IHProgressHUD (0.1.4)
  - Instabug (8.2.2)
  - KeychainAccess (3.2.0)
  - Mixpanel-swift (2.6.1):
    - Mixpanel-swift/Complete (= 2.6.1)
  - Mixpanel-swift/Complete (2.6.1)
  - ObjcExceptionBridging (1.0.1):
    - ObjcExceptionBridging/ObjcExceptionBridging (= 1.0.1)
  - ObjcExceptionBridging/ObjcExceptionBridging (1.0.1)
  - Realm (3.14.0):
    - Realm/Headers (= 3.14.0)
  - Realm/Headers (3.14.0)
  - RealmSwift (3.14.0):
    - Realm (= 3.14.0)
  - Socket.IO-Client-Swift (15.0.0):
    - Starscream (~> 3.1)
  - Starscream (3.1.0)
  - SwiftyJSON (4.2.0)
  - Swinject (2.6.0)
  - SwinjectStoryboard (2.1.0):
    - Swinject (~> 2.5)
  - XCGLogger (7.0.0):
    - XCGLogger/Core (= 7.0.0)
  - XCGLogger/Core (7.0.0):
    - ObjcExceptionBridging

DEPENDENCIES:
  - Alamofire
  - AlamofireImage
  - Crashlytics
  - Fabric
  - GoogleMaps
  - GooglePlaces
  - IHProgressHUD
  - Instabug
  - KeychainAccess
  - Mixpanel-swift
  - RealmSwift
  - Socket.IO-Client-Swift
  - SwiftyJSON
  - Swinject
  - SwinjectStoryboard
  - XCGLogger

SPEC REPOS:
  https://github.com/cocoapods/specs.git:
    - Alamofire
    - AlamofireImage
    - Crashlytics
    - Fabric
    - GoogleMaps
    - GooglePlaces
    - IHProgressHUD
    - Instabug
    - KeychainAccess
    - Mixpanel-swift
    - ObjcExceptionBridging
    - Realm
    - RealmSwift
    - Socket.IO-Client-Swift
    - Starscream
    - SwiftyJSON
    - Swinject
    - SwinjectStoryboard
    - XCGLogger

SPEC CHECKSUMS:
  Alamofire: ae5c501addb7afdbb13687d7f2f722c78734c2d3
  AlamofireImage: 63cfe3baf1370be6c498149687cf6db3e3b00999
  Crashlytics: 07fb167b1694128c1c9a5a5cc319b0e9c3ca0933
  Fabric: f988e33c97f08930a413e08123064d2e5f68d655
  GoogleMaps: fd5c9fa58871781b9fb94d4936f19c69fe60ce32
  GooglePlaces: f09e76993c9c3ee4af8f4f7f535bb94d6aa3b649
  IHProgressHUD: a01846bfbb581c761c79747c67b08387c3bdfae3
  Instabug: bfd57853ad11b4135fbc914cdc77a44286f5eeed
  KeychainAccess: 3b1bf8a77eb4c6ea1ce9404c292e48f948954c6b
  Mixpanel-swift: 13c4556a2792d6d49e71cd9a0565404230e7629f
  ObjcExceptionBridging: c30e00eb3700467e695faeea30e26e18bd445001
  Realm: 221b25919bb5a010a3c597d707f8df3492dcd93a
  RealmSwift: 28f22dfa6a27b9a778cfb09471558b6afcf1022c
  Socket.IO-Client-Swift: c039a808195d22a7192962841b8c035cb61ea49e
  Starscream: 08172b481e145289c4930cb567230fb55897cfa4
  SwiftyJSON: c4bcba26dd9ec7a027fc8eade48e2c911f229e96
  Swinject: 48a96cda93633cf2860697b4ce76ab5db9ebaca2
  SwinjectStoryboard: 688f096033103e66ffcf6ca678211acd7d7be505
  XCGLogger: 0434f15e3909cdc450bb63faf638b8792ab782ab

PODFILE CHECKSUM: 8e31cb291828d83a7d6cb47b75d52eca1b521265

COCOAPODS: 1.6.1
