PODS:
  - Alamofire (4.9.1)
  - AlamofireImage (3.6.0):
    - Alamofire (~> 4.9)
  - Crashlytics (3.14.0):
    - Fabric (~> 1.10.2)
  - Fabric (1.10.2)
  - GoogleMaps (3.5.0):
    - GoogleMaps/Maps (= 3.5.0)
  - GoogleMaps/Base (3.5.0)
  - GoogleMaps/Maps (3.5.0):
    - GoogleMaps/Base
  - GooglePlaces (3.5.0):
    - GoogleMaps/Base (= 3.5.0)
  - IHProgressHUD (0.1.4)
  - Instabug (8.7.3)
  - KeychainAccess (4.0.0)
  - Mixpanel-swift (2.6.7):
    - Mixpanel-swift/Complete (= 2.6.7)
  - Mixpanel-swift/Complete (2.6.7)
  - ObjcExceptionBridging (1.0.1):
    - ObjcExceptionBridging/ObjcExceptionBridging (= 1.0.1)
  - ObjcExceptionBridging/ObjcExceptionBridging (1.0.1)
  - Realm (3.20.0):
    - Realm/Headers (= 3.20.0)
  - Realm/Headers (3.20.0)
  - RealmSwift (3.20.0):
    - Realm (= 3.20.0)
  - Socket.IO-Client-Swift (15.2.0):
    - Starscream (~> 3.1)
  - Starscream (3.1.1)
  - SwiftyJSON (5.0.0)
  - Swinject (2.6.2)
  - SwinjectStoryboard (2.2.0):
    - Swinject (~> 2.6)
  - XCGLogger (7.0.0):
    - XCGLogger/Core (= 7.0.0)
  - XCGLogger/Core (7.0.0):
    - ObjcExceptionBridging

DEPENDENCIES:
  - Alamofire
  - AlamofireImage
  - Crashlytics
  - Fabric
  - GoogleMaps
  - GooglePlaces
  - IHProgressHUD
  - Instabug
  - KeychainAccess
  - Mixpanel-swift
  - RealmSwift
  - Socket.IO-Client-Swift
  - SwiftyJSON
  - Swinject (~> 2.6.2)
  - SwinjectStoryboard
  - XCGLogger

SPEC REPOS:
  trunk:
    - Alamofire
    - AlamofireImage
    - Crashlytics
    - Fabric
    - GoogleMaps
    - GooglePlaces
    - IHProgressHUD
    - Instabug
    - KeychainAccess
    - Mixpanel-swift
    - ObjcExceptionBridging
    - Realm
    - RealmSwift
    - Socket.IO-Client-Swift
    - Starscream
    - SwiftyJSON
    - Swinject
    - SwinjectStoryboard
    - XCGLogger

SPEC CHECKSUMS:
  Alamofire: 85e8a02c69d6020a0d734f6054870d7ecb75cf18
  AlamofireImage: be9963c6582d68b39e89191f64c82a7d7bf40fdd
  Crashlytics: 540b7e5f5da5a042647227a5e3ac51d85eed06df
  Fabric: 706c8b8098fff96c33c0db69cbf81f9c551d0d74
  GoogleMaps: 32ca02de09de357a10ac773f2c70f1986751392d
  GooglePlaces: be6f19fe8aa6ff0b5bcccfa1b8805cc977ea1450
  IHProgressHUD: a01846bfbb581c761c79747c67b08387c3bdfae3
  Instabug: b07a37789443c1fd49e0232ed6ddd0a6899e97ff
  KeychainAccess: 57ce5b7653644c49749d35e840bf4e63dbde82f3
  Mixpanel-swift: 9118aa461d7ad4bb66718b0d4d826e6487bb0105
  ObjcExceptionBridging: c30e00eb3700467e695faeea30e26e18bd445001
  Realm: 8b2ca5bc6479a91f379b6b42b5922e396cd5ba5a
  RealmSwift: 1949ef26a279e1845bd51d591b9103adfcd121df
  Socket.IO-Client-Swift: 1e3e3a1f09f3312a167f0d781eb2f383d477357c
  Starscream: 4bb2f9942274833f7b4d296a55504dcfc7edb7b0
  SwiftyJSON: 36413e04c44ee145039d332b4f4e2d3e8d6c4db7
  Swinject: cf7458774b1b00323080a9c67e47a1ee7f9d2af1
  SwinjectStoryboard: 32512ef16c2b0ff5b8f823b23539c4a50f6d3383
  XCGLogger: 0434f15e3909cdc450bb63faf638b8792ab782ab

PODFILE CHECKSUM: f10e8bba4b31b190e597c4b95f8550c77258f4f9

COCOAPODS: 1.8.4
